
Microsoft Visual Studio Solution File, Format Version 12.00
# Visual Studio 15
VisualStudioVersion = 15.0.27703.2026
MinimumVisualStudioVersion = 10.0.40219.1
Project("{FAE04EC0-301F-11D3-BF4B-00C04F79EFBC}") = "DesignPattern_23_items", "DesignPattern_23_items\DesignPattern_23_items.csproj", "{4040762F-1E5D-4B72-9BE0-450F843CB339}"
EndProject
Global
	GlobalSection(SolutionConfigurationPlatforms) = preSolution
		Debug|Any CPU = Debug|Any CPU
		Release|Any CPU = Release|Any CPU
	EndGlobalSection
	GlobalSection(ProjectConfigurationPlatforms) = postSolution
		{4040762F-1E5D-4B72-9BE0-450F843CB339}.Debug|Any CPU.ActiveCfg = Debug|Any CPU
		{4040762F-1E5D-4B72-9BE0-450F843CB339}.Debug|Any CPU.Build.0 = Debug|Any CPU
		{4040762F-1E5D-4B72-9BE0-450F843CB339}.Release|Any CPU.ActiveCfg = Release|Any CPU
		{4040762F-1E5D-4B72-9BE0-450F843CB339}.Release|Any CPU.Build.0 = Release|Any CPU
	EndGlobalSection
	GlobalSection(SolutionProperties) = preSolution
		HideSolutionNode = FALSE
	EndGlobalSection
	GlobalSection(ExtensibilityGlobals) = postSolution
		SolutionGuid = {2B83BAD9-D79D-4E14-951C-179A58CD6E81}
	EndGlobalSection
EndGlobal
